Microsoft Visual Studio Solution File, Format Version 12.00
# Visual Studio Version 17
VisualStudioVersion = 17.5.2.0
MinimumVisualStudioVersion = 10.0.40219.1
Project("{FAE04EC0-301F-11D3-BF4B-00C04F79EFBC}") = "frostpunk2_ciekawostki", "frostpunk2_ciekawostki.csproj", "{3E1A9DF2-D8D5-FA44-7C61-8B5E4AC9C3FD}"
EndProject
Global
	GlobalSection(SolutionConfigurationPlatforms) = preSolution
		Debug|Any CPU = Debug|Any CPU
		Release|Any CPU = Release|Any CPU
	EndGlobalSection
	GlobalSection(ProjectConfigurationPlatforms) = postSolution
		{3E1A9DF2-D8D5-FA44-7C61-8B5E4AC9C3FD}.Debug|Any CPU.ActiveCfg = Debug|Any CPU
		{3E1A9DF2-D8D5-FA44-7C61-8B5E4AC9C3FD}.Debug|Any CPU.Build.0 = Debug|Any CPU
		{3E1A9DF2-D8D5-FA44-7C61-8B5E4AC9C3FD}.Release|Any CPU.ActiveCfg = Release|Any CPU
		{3E1A9DF2-D8D5-FA44-7C61-8B5E4AC9C3FD}.Release|Any CPU.Build.0 = Release|Any CPU
	EndGlobalSection
	GlobalSection(SolutionProperties) = preSolution
		HideSolutionNode = FALSE
	EndGlobalSection
	GlobalSection(ExtensibilityGlobals) = postSolution
		SolutionGuid = {27051FF9-DFA2-4B0B-B279-B88C968CA58B}
	EndGlobalSection
EndGlobal
